
Microsoft Visual Studio Solution File, Format Version 12.00
# Visual Studio Version 17
VisualStudioVersion = 17.0.31903.59
MinimumVisualStudioVersion = 10.0.40219.1
Project("{2150E333-8FDC-42A3-9474-1A3956D46DE8}") = "src", "src", "{73E949C8-B86E-4336-AE28-7A2F4D6E6956}"
EndProject
Project("{FAE04EC0-301F-11D3-BF4B-00C04F79EFBC}") = "LibraryManagementSystem", "src\LibraryManagementSystem\LibraryManagementSystem.csproj", "{5F149371-FAA6-4DD5-925D-E7752A5D0E5A}"
EndProject
Project("{2150E333-8FDC-42A3-9474-1A3956D46DE8}") = "tests", "tests", "{E44FF425-F93E-4E65-AFF1-FB74BB49950F}"
EndProject
Project("{FAE04EC0-301F-11D3-BF4B-00C04F79EFBC}") = "LibraryManagementSystem.Tests", "tests\LibraryManagementSystem.Tests\LibraryManagementSystem.Tests.csproj", "{6D818771-72FC-45E8-B9C3-F24A88B784C1}"
EndProject
Global
	GlobalSection(SolutionConfigurationPlatforms) = preSolution
		Debug|Any CPU = Debug|Any CPU
		Release|Any CPU = Release|Any CPU
	EndGlobalSection
	GlobalSection(SolutionProperties) = preSolution
		HideSolutionNode = FALSE
	EndGlobalSection
	GlobalSection(ProjectConfigurationPlatforms) = postSolution
		{5F149371-FAA6-4DD5-925D-E7752A5D0E5A}.Debug|Any CPU.ActiveCfg = Debug|Any CPU
		{5F149371-FAA6-4DD5-925D-E7752A5D0E5A}.Debug|Any CPU.Build.0 = Debug|Any CPU
		{5F149371-FAA6-4DD5-925D-E7752A5D0E5A}.Release|Any CPU.ActiveCfg = Release|Any CPU
		{5F149371-FAA6-4DD5-925D-E7752A5D0E5A}.Release|Any CPU.Build.0 = Release|Any CPU
		{6D818771-72FC-45E8-B9C3-F24A88B784C1}.Debug|Any CPU.ActiveCfg = Debug|Any CPU
		{6D818771-72FC-45E8-B9C3-F24A88B784C1}.Debug|Any CPU.Build.0 = Debug|Any CPU
		{6D818771-72FC-45E8-B9C3-F24A88B784C1}.Release|Any CPU.ActiveCfg = Release|Any CPU
		{6D818771-72FC-45E8-B9C3-F24A88B784C1}.Release|Any CPU.Build.0 = Release|Any CPU
	EndGlobalSection
	GlobalSection(NestedProjects) = preSolution
		{5F149371-FAA6-4DD5-925D-E7752A5D0E5A} = {73E949C8-B86E-4336-AE28-7A2F4D6E6956}
		{6D818771-72FC-45E8-B9C3-F24A88B784C1} = {E44FF425-F93E-4E65-AFF1-FB74BB49950F}
	EndGlobalSection
EndGlobal
